core:changelogs:
  - content: "---\npackages:\n  npm:@fumadocs/graphql:\n    type: minor\n  npm:@fumadocs/api-docs:\n    type: patch\n---\n\n## Introduce `@fumadocs/graphql`\n\nGenerate API reference docs from your GraphQL schemas, similar to the OpenAPI/AsyncAPI integration.\n\n```ts\nimport { createGraphQL } from '@fumadocs/graphql/server';\n\nexport const graphql = createGraphQL({\n  input: ['./schema.graphql'],\n});\n```\n\nAdd the generated pages to your source:\n\n```ts\nimport { loader } from 'fumadocs-core/source';\n\nexport const source = loader(\n  {\n    docs: docs.toFumadocsSource(),\n    graphql: await graphql.staticSource({\n      baseDir: 'graphql',\n      meta: true,\n    }),\n  },\n  {\n    baseUrl: '/docs',\n    plugins: [graphql.loaderPlugin()],\n  },\n);\n```\n\nAnd render them with `createGraphQLPage` from `@fumadocs/graphql/ui`, with an optional interactive playground:\n\n```tsx\nexport const GraphQLPage = createGraphQLPage({\n  playground: {\n    url: 'https://api.example.com/graphql',\n  },\n});\n```\n\nIt accepts SDL files (including `extend type`), SDL text, introspection results, and `GraphQLSchema` instances, and generates per-operation & per-type pages with arguments/fields, deprecations, custom directive callouts, and example queries/responses.\n\nHighlights:\n\n- **Playground**: syntax-highlighted query editor with live validation, a typed variables form generated from argument types, per-endpoint header presets, and GraphQL-aware error display. Configurable via `playground.url`, `allowUrlEdit`, `headers`, `fetcher` and `render`.\n- **Usage backlinks**: type pages list where a type is returned, used as a field, or accepted as input.\n- **Cross-linking out of the box**: pass `baseUrl` (the `baseUrl` of your `loader()`) to `staticSource()` and type & operation references link to their pages automatically.\n- **Request snippets**: generated cURL & JavaScript tabs next to the example query.\n"
    filename: 2026-08-02-graphql.md
    v: 0.0.0
core:packages:
  - changelogIds:
      - 2026-08-02-graphql.md
    id: npm:@fumadocs/api-docs
    updated: true
  - id: npm:@fumadocs/asyncapi
    updated: true
  - id: npm:@fumadocs/basehub
    updated: false
  - id: npm:@fumadocs/base-ui
    updated: false
  - id: npm:@fumadocs/cli
    updated: false
  - id: npm:@fumadocs/content-collections
    updated: false
  - id: npm:@fumadocs/content
    updated: false
  - id: npm:fumadocs-core
    updated: false
  - id: npm:create-fumadocs-app
    updated: false
  - id: npm:create-fumadocs-versions
    updated: false
  - id: npm:fumadocs-docgen
    updated: false
  - id: npm:fumadocs-epub
    updated: false
  - changelogIds:
      - 2026-08-02-graphql.md
    id: npm:@fumadocs/graphql
    updated: true
  - id: npm:@fumadocs/language
    updated: false
  - id: npm:@fumadocs/local-content
    updated: false
  - id: npm:@fumadocs/local-md
    updated: false
  - id: npm:fumadocs-mdx
    updated: false
  - id: npm:@fumadocs/mdx-remote
    updated: false
  - id: npm:@fumadocs/notion
    updated: false
  - id: npm:fumadocs-obsidian
    updated: false
  - id: npm:fumadocs-openapi
    updated: true
  - id: npm:fumadocs-preview
    updated: false
  - id: npm:fumadocs-ui
    updated: false
  - id: npm:fumadocs-python
    updated: false
  - id: npm:@fumadocs/sanity
    updated: false
  - id: npm:@fumadocs/satteri
    updated: false
  - id: npm:@fumadocs/shadcn
    updated: false
  - id: npm:@fumari/stf
    updated: false
  - id: npm:@fumadocs/story
    updated: false
  - id: npm:@fumadocs/tailwind
    updated: false
  - id: npm:fumadocs-twoslash
    updated: false
  - id: npm:fumadocs-typescript
    updated: false
  - id: npm:@fumadocs/vite
    updated: false
npm:packages:
  - id: npm:@fumadocs/api-docs
  - id: npm:@fumadocs/asyncapi
  - id: npm:@fumadocs/basehub
  - id: npm:@fumadocs/base-ui
  - id: npm:@fumadocs/cli
  - id: npm:@fumadocs/content-collections
  - id: npm:@fumadocs/content
  - id: npm:fumadocs-core
  - id: npm:create-fumadocs-app
  - id: npm:create-fumadocs-versions
  - id: npm:fumadocs-docgen
  - id: npm:fumadocs-epub
  - id: npm:@fumadocs/graphql
  - id: npm:@fumadocs/language
  - id: npm:@fumadocs/local-content
  - id: npm:@fumadocs/local-md
  - id: npm:fumadocs-mdx
  - id: npm:@fumadocs/mdx-remote
  - id: npm:@fumadocs/notion
  - id: npm:fumadocs-obsidian
  - id: npm:fumadocs-openapi
  - id: npm:fumadocs-preview
  - id: npm:fumadocs-ui
  - id: npm:fumadocs-python
  - id: npm:@fumadocs/sanity
  - id: npm:@fumadocs/satteri
  - id: npm:@fumadocs/shadcn
  - id: npm:@fumari/stf
  - id: npm:@fumadocs/story
  - id: npm:@fumadocs/tailwind
  - id: npm:fumadocs-twoslash
  - id: npm:fumadocs-typescript
  - id: npm:@fumadocs/vite
  - id: npm:docs
  - id: npm:example-graphql
  - id: npm:example-asyncapi
  - id: npm:example-openapi
  - id: npm:example-tanstack-start-openapi
