core:changelogs:
  - content: "---\npackages:\n  npm:@fumadocs/api-docs:\n    type: patch\n---\n\n## Rewrite union detector\n\nUse a simplified JSON schema validator to identify the active tab of an union field in playground UI.\n"
    filename: 2026-07-16-mrne565q.md
    v: 0.0.0
  - content: "---\npackages:\n  npm:fumadocs-openapi:\n    type: patch\n---\n\n## Harden `createProxy()` against SSRF\n\n- `allowedOrigins` now defaults to the proxy route's own origin, so an unconfigured proxy is same-origin only instead of an open proxy. A warning is logged when neither `allowedOrigins` nor `filterRequest` is set.\n- The allowlist is now enforced on redirects: an allowed upstream can no longer redirect the proxy to a disallowed origin.\n\n## `allowedOrigins` regex support\n\n`allowedOrigins` entries can now be a `RegExp` in addition to an exact origin string.\n\n## Fix proxy decoding\n\nFix `ERR_CONTENT_DECODING_FAILED` for compressed upstream responses: the stale `content-encoding`/`content-length` headers are now dropped, since `fetch()` already decodes the body before it is proxied back.\n"
    filename: 2026-07-16-proxy-ssrf.md
    v: 0.0.0
core:packages:
  - id: npm:@fumadocs/asyncapi
    updated: true
  - id: npm:@fumadocs/base-ui
    updated: false
  - changelogIds:
      - 2026-07-16-mrne565q.md
    id: npm:@fumadocs/api-docs
    updated: true
  - id: npm:@fumadocs/basehub
    updated: false
  - id: npm:@fumadocs/cli
    updated: false
  - id: npm:@fumadocs/content
    updated: false
  - id: npm:@fumadocs/content-collections
    updated: false
  - id: npm:fumadocs-core
    updated: false
  - id: npm:create-fumadocs-app
    updated: false
  - id: npm:create-fumadocs-versions
    updated: false
  - id: npm:fumadocs-docgen
    updated: false
  - id: npm:fumadocs-epub
    updated: false
  - id: npm:@fumadocs/language
    updated: false
  - id: npm:@fumadocs/local-md
    updated: false
  - id: npm:fumadocs-mdx
    updated: false
  - id: npm:@fumadocs/mdx-remote
    updated: false
  - id: npm:fumadocs-obsidian
    updated: false
  - changelogIds:
      - 2026-07-16-proxy-ssrf.md
    id: npm:fumadocs-openapi
    updated: true
  - id: npm:fumadocs-preview
    updated: false
  - id: npm:fumadocs-python
    updated: false
  - id: npm:fumadocs-ui
    updated: false
  - id: npm:@fumadocs/sanity
    updated: false
  - id: npm:@fumadocs/satteri
    updated: false
  - id: npm:@fumadocs/shadcn
    updated: false
  - id: npm:@fumari/stf
    updated: false
  - id: npm:@fumadocs/story
    updated: false
  - id: npm:@fumadocs/tailwind
    updated: false
  - id: npm:fumadocs-twoslash
    updated: false
  - id: npm:fumadocs-typescript
    updated: false
  - id: npm:@fumadocs/vite
    updated: false
npm:packages:
  - id: npm:@fumadocs/asyncapi
  - id: npm:@fumadocs/base-ui
  - id: npm:@fumadocs/api-docs
  - id: npm:@fumadocs/basehub
  - id: npm:@fumadocs/cli
  - id: npm:@fumadocs/content
  - id: npm:@fumadocs/content-collections
  - id: npm:fumadocs-core
  - id: npm:create-fumadocs-app
  - id: npm:create-fumadocs-versions
  - id: npm:fumadocs-docgen
  - id: npm:fumadocs-epub
  - id: npm:@fumadocs/language
  - id: npm:@fumadocs/local-md
  - id: npm:fumadocs-mdx
  - id: npm:@fumadocs/mdx-remote
  - id: npm:fumadocs-obsidian
  - id: npm:fumadocs-openapi
  - id: npm:fumadocs-preview
  - id: npm:fumadocs-python
  - id: npm:fumadocs-ui
  - id: npm:@fumadocs/sanity
  - id: npm:@fumadocs/satteri
  - id: npm:@fumadocs/shadcn
  - id: npm:@fumari/stf
  - id: npm:@fumadocs/story
  - id: npm:@fumadocs/tailwind
  - id: npm:fumadocs-twoslash
  - id: npm:fumadocs-typescript
  - id: npm:@fumadocs/vite
  - id: npm:docs
  - id: npm:example-asyncapi
  - id: npm:example-openapi
  - id: npm:example-tanstack-start-openapi
